
Microsoft Visual Studio Solution File, Format Version 12.00
# Visual Studio Version 17
VisualStudioVersion = 17.3.32825.248
MinimumVisualStudioVersion = 10.0.40219.1
Project("{FAE04EC0-301F-11D3-BF4B-00C04F79EFBC}") = "Lab6CSharp", "Lab6CSharp\Lab6CSharp.csproj", "{FF4C4EC7-F6B6-4818-8F97-1A073176C89F}"
EndProject
Project("{FAE04EC0-301F-11D3-BF4B-00C04F79EFBC}") = "lab6_2.cs", "lab6_2\lab6_2.cs.csproj", "{90C649EE-898D-4169-85F8-E5FDE8F8562D}"
EndProject
Project("{FAE04EC0-301F-11D3-BF4B-00C04F79EFBC}") = "lab6_3.cs", "lab6_3.cs\lab6_3.cs.csproj", "{8D00C576-0184-46D3-812D-26068CA23F96}"
EndProject
Project("{FAE04EC0-301F-11D3-BF4B-00C04F79EFBC}") = "lab6_4.cs", "lab6_4.cs\lab6_4.cs.csproj", "{5EFC2D2B-314D-4222-9866-B7CAD0B74FDA}"
EndProject
Global
	GlobalSection(SolutionConfigurationPlatforms) = preSolution
		Debug|Any CPU = Debug|Any CPU
		Release|Any CPU = Release|Any CPU
	EndGlobalSection
	GlobalSection(ProjectConfigurationPlatforms) = postSolution
		{FF4C4EC7-F6B6-4818-8F97-1A073176C89F}.Debug|Any CPU.ActiveCfg = Debug|Any CPU
		{FF4C4EC7-F6B6-4818-8F97-1A073176C89F}.Debug|Any CPU.Build.0 = Debug|Any CPU
		{FF4C4EC7-F6B6-4818-8F97-1A073176C89F}.Release|Any CPU.ActiveCfg = Release|Any CPU
		{FF4C4EC7-F6B6-4818-8F97-1A073176C89F}.Release|Any CPU.Build.0 = Release|Any CPU
		{90C649EE-898D-4169-85F8-E5FDE8F8562D}.Debug|Any CPU.ActiveCfg = Debug|Any CPU
		{90C649EE-898D-4169-85F8-E5FDE8F8562D}.Debug|Any CPU.Build.0 = Debug|Any CPU
		{90C649EE-898D-4169-85F8-E5FDE8F8562D}.Release|Any CPU.ActiveCfg = Release|Any CPU
		{90C649EE-898D-4169-85F8-E5FDE8F8562D}.Release|Any CPU.Build.0 = Release|Any CPU
		{8D00C576-0184-46D3-812D-26068CA23F96}.Debug|Any CPU.ActiveCfg = Debug|Any CPU
		{8D00C576-0184-46D3-812D-26068CA23F96}.Debug|Any CPU.Build.0 = Debug|Any CPU
		{8D00C576-0184-46D3-812D-26068CA23F96}.Release|Any CPU.ActiveCfg = Release|Any CPU
		{8D00C576-0184-46D3-812D-26068CA23F96}.Release|Any CPU.Build.0 = Release|Any CPU
		{5EFC2D2B-314D-4222-9866-B7CAD0B74FDA}.Debug|Any CPU.ActiveCfg = Debug|Any CPU
		{5EFC2D2B-314D-4222-9866-B7CAD0B74FDA}.Debug|Any CPU.Build.0 = Debug|Any CPU
		{5EFC2D2B-314D-4222-9866-B7CAD0B74FDA}.Release|Any CPU.ActiveCfg = Release|Any CPU
		{5EFC2D2B-314D-4222-9866-B7CAD0B74FDA}.Release|Any CPU.Build.0 = Release|Any CPU
	EndGlobalSection
	GlobalSection(SolutionProperties) = preSolution
		HideSolutionNode = FALSE
	EndGlobalSection
	GlobalSection(ExtensibilityGlobals) = postSolution
		SolutionGuid = {57E10CE3-2317-4236-9B79-5E92B4D327E3}
	EndGlobalSection
EndGlobal
